
Microsoft Visual Studio Solution File, Format Version 12.00
# Visual Studio Version 17
VisualStudioVersion = 17.14.36429.23
MinimumVisualStudioVersion = 10.0.40219.1
Project("{2150E333-8FDC-42A3-9474-1A3956D46DE8}") = "Services", "Services", "{02EA681E-C7D8-13C7-8484-4AC65E1B71E8}"
EndProject
Project("{2150E333-8FDC-42A3-9474-1A3956D46DE8}") = "Catalog", "Catalog", "{06A183B9-15A6-4484-B6A4-EF6A03567DBF}"
EndProject
Project("{FAE04EC0-301F-11D3-BF4B-00C04F79EFBC}") = "Catalog.API", "Services\Catalog\Catalog.API\Catalog.API.csproj", "{5E59FB7A-A051-44A4-9896-26334FB55E86}"
EndProject
Project("{2150E333-8FDC-42A3-9474-1A3956D46DE8}") = "BuildingBlocks", "BuildingBlocks", "{53DFA823-60D1-4F62-9E72-2DE032676AB1}"
EndProject
Project("{FAE04EC0-301F-11D3-BF4B-00C04F79EFBC}") = "BuildingBlocks", "BuildingBlocks\BuildingBlocks\BuildingBlocks.csproj", "{7CAE799F-10EA-4802-B7B2-3E1877D13F7F}"
EndProject
Project("{E53339B2-1760-4266-BCC7-CA923CBCF16C}") = "docker-compose", "docker-compose.dcproj", "{81DDED9D-158B-E303-5F62-77A2896D2A5A}"
EndProject
Project("{2150E333-8FDC-42A3-9474-1A3956D46DE8}") = "Basket", "Basket", "{CD5AE016-AC42-41E5-A950-1B27B1B4D95B}"
EndProject
Project("{FAE04EC0-301F-11D3-BF4B-00C04F79EFBC}") = "Basket.API", "Services\Basket\Basket.API\Basket.API.csproj", "{B4A18DB1-CF3D-43D8-8E75-871D7285A5C6}"
EndProject
Project("{2150E333-8FDC-42A3-9474-1A3956D46DE8}") = "Discount", "Discount", "{F48A6718-38F6-472C-B6FB-98909A977488}"
EndProject
Project("{FAE04EC0-301F-11D3-BF4B-00C04F79EFBC}") = "Discount.Grpc", "Services\Discount\Discount.Grpc\Discount.Grpc.csproj", "{A2D54C7F-9CD1-4759-9024-66DA2CA6286E}"
EndProject
Project("{2150E333-8FDC-42A3-9474-1A3956D46DE8}") = "Ordering", "Ordering", "{82DCEB96-5451-42DD-95E6-D9E65469DA37}"
EndProject
Project("{FAE04EC0-301F-11D3-BF4B-00C04F79EFBC}") = "Ordering.API", "Services\Ordering\Ordering.API\Ordering.API.csproj", "{EA2C636C-5BDD-40DD-8F37-D62425826DFE}"
EndProject
Project("{FAE04EC0-301F-11D3-BF4B-00C04F79EFBC}") = "Ordering.Domain", "Services\Ordering\Ordering.Domain\Ordering.Domain.csproj", "{870322E1-D4F4-43B9-92C8-66E09DD79A0A}"
EndProject
Project("{FAE04EC0-301F-11D3-BF4B-00C04F79EFBC}") = "Ordering.Application", "Services\Ordering\Ordering.Application\Ordering.Application.csproj", "{82300BD8-5B7C-497F-814F-3FB1F4D4BAB4}"
EndProject
Project("{FAE04EC0-301F-11D3-BF4B-00C04F79EFBC}") = "Ordering.Infrastructure", "Services\Ordering\Ordering.Infrastructure\Ordering.Infrastructure.csproj", "{20AF618A-548E-4455-84E4-D07EF5A0CBE5}"
EndProject
Project("{FAE04EC0-301F-11D3-BF4B-00C04F79EFBC}") = "BuildingBlocks.Messaging", "BuildingBlocks\BuildingBlocks.Messaging\BuildingBlocks.Messaging.csproj", "{1ECE8E97-B5B2-4D8C-B355-6DA608B23C04}"
EndProject
Project("{2150E333-8FDC-42A3-9474-1A3956D46DE8}") = "ApiGateways", "ApiGateways", "{C75D1A01-D8E6-4886-B335-39CCBFBE9D7F}"
EndProject
Project("{FAE04EC0-301F-11D3-BF4B-00C04F79EFBC}") = "YarpApiGateway", "ApiGateways\YarpApiGateway\YarpApiGateway.csproj", "{755A67DB-3977-46E5-B058-33BF8EAED6F7}"
EndProject
Global
	GlobalSection(SolutionConfigurationPlatforms) = preSolution
		Debug|Any CPU = Debug|Any CPU
		Release|Any CPU = Release|Any CPU
	EndGlobalSection
	GlobalSection(ProjectConfigurationPlatforms) = postSolution
		{5E59FB7A-A051-44A4-9896-26334FB55E86}.Debug|Any CPU.ActiveCfg = Debug|Any CPU
		{5E59FB7A-A051-44A4-9896-26334FB55E86}.Debug|Any CPU.Build.0 = Debug|Any CPU
		{5E59FB7A-A051-44A4-9896-26334FB55E86}.Release|Any CPU.ActiveCfg = Release|Any CPU
		{5E59FB7A-A051-44A4-9896-26334FB55E86}.Release|Any CPU.Build.0 = Release|Any CPU
		{7CAE799F-10EA-4802-B7B2-3E1877D13F7F}.Debug|Any CPU.ActiveCfg = Debug|Any CPU
		{7CAE799F-10EA-4802-B7B2-3E1877D13F7F}.Debug|Any CPU.Build.0 = Debug|Any CPU
		{7CAE799F-10EA-4802-B7B2-3E1877D13F7F}.Release|Any CPU.ActiveCfg = Release|Any CPU
		{7CAE799F-10EA-4802-B7B2-3E1877D13F7F}.Release|Any CPU.Build.0 = Release|Any CPU
		{81DDED9D-158B-E303-5F62-77A2896D2A5A}.Debug|Any CPU.ActiveCfg = Debug|Any CPU
		{81DDED9D-158B-E303-5F62-77A2896D2A5A}.Debug|Any CPU.Build.0 = Debug|Any CPU
		{81DDED9D-158B-E303-5F62-77A2896D2A5A}.Release|Any CPU.ActiveCfg = Release|Any CPU
		{81DDED9D-158B-E303-5F62-77A2896D2A5A}.Release|Any CPU.Build.0 = Release|Any CPU
		{B4A18DB1-CF3D-43D8-8E75-871D7285A5C6}.Debug|Any CPU.ActiveCfg = Debug|Any CPU
		{B4A18DB1-CF3D-43D8-8E75-871D7285A5C6}.Debug|Any CPU.Build.0 = Debug|Any CPU
		{B4A18DB1-CF3D-43D8-8E75-871D7285A5C6}.Release|Any CPU.ActiveCfg = Release|Any CPU
		{B4A18DB1-CF3D-43D8-8E75-871D7285A5C6}.Release|Any CPU.Build.0 = Release|Any CPU
		{A2D54C7F-9CD1-4759-9024-66DA2CA6286E}.Debug|Any CPU.ActiveCfg = Debug|Any CPU
		{A2D54C7F-9CD1-4759-9024-66DA2CA6286E}.Debug|Any CPU.Build.0 = Debug|Any CPU
		{A2D54C7F-9CD1-4759-9024-66DA2CA6286E}.Release|Any CPU.ActiveCfg = Release|Any CPU
		{A2D54C7F-9CD1-4759-9024-66DA2CA6286E}.Release|Any CPU.Build.0 = Release|Any CPU
		{EA2C636C-5BDD-40DD-8F37-D62425826DFE}.Debug|Any CPU.ActiveCfg = Debug|Any CPU
		{EA2C636C-5BDD-40DD-8F37-D62425826DFE}.Debug|Any CPU.Build.0 = Debug|Any CPU
		{EA2C636C-5BDD-40DD-8F37-D62425826DFE}.Release|Any CPU.ActiveCfg = Release|Any CPU
		{EA2C636C-5BDD-40DD-8F37-D62425826DFE}.Release|Any CPU.Build.0 = Release|Any CPU
		{870322E1-D4F4-43B9-92C8-66E09DD79A0A}.Debug|Any CPU.ActiveCfg = Debug|Any CPU
		{870322E1-D4F4-43B9-92C8-66E09DD79A0A}.Debug|Any CPU.Build.0 = Debug|Any CPU
		{870322E1-D4F4-43B9-92C8-66E09DD79A0A}.Release|Any CPU.ActiveCfg = Release|Any CPU
		{870322E1-D4F4-43B9-92C8-66E09DD79A0A}.Release|Any CPU.Build.0 = Release|Any CPU
		{82300BD8-5B7C-497F-814F-3FB1F4D4BAB4}.Debug|Any CPU.ActiveCfg = Debug|Any CPU
		{82300BD8-5B7C-497F-814F-3FB1F4D4BAB4}.Debug|Any CPU.Build.0 = Debug|Any CPU
		{82300BD8-5B7C-497F-814F-3FB1F4D4BAB4}.Release|Any CPU.ActiveCfg = Release|Any CPU
		{82300BD8-5B7C-497F-814F-3FB1F4D4BAB4}.Release|Any CPU.Build.0 = Release|Any CPU
		{20AF618A-548E-4455-84E4-D07EF5A0CBE5}.Debug|Any CPU.ActiveCfg = Debug|Any CPU
		{20AF618A-548E-4455-84E4-D07EF5A0CBE5}.Debug|Any CPU.Build.0 = Debug|Any CPU
		{20AF618A-548E-4455-84E4-D07EF5A0CBE5}.Release|Any CPU.ActiveCfg = Release|Any CPU
		{20AF618A-548E-4455-84E4-D07EF5A0CBE5}.Release|Any CPU.Build.0 = Release|Any CPU
		{1ECE8E97-B5B2-4D8C-B355-6DA608B23C04}.Debug|Any CPU.ActiveCfg = Debug|Any CPU
		{1ECE8E97-B5B2-4D8C-B355-6DA608B23C04}.Debug|Any CPU.Build.0 = Debug|Any CPU
		{1ECE8E97-B5B2-4D8C-B355-6DA608B23C04}.Release|Any CPU.ActiveCfg = Release|Any CPU
		{1ECE8E97-B5B2-4D8C-B355-6DA608B23C04}.Release|Any CPU.Build.0 = Release|Any CPU
		{755A67DB-3977-46E5-B058-33BF8EAED6F7}.Debug|Any CPU.ActiveCfg = Debug|Any CPU
		{755A67DB-3977-46E5-B058-33BF8EAED6F7}.Debug|Any CPU.Build.0 = Debug|Any CPU
		{755A67DB-3977-46E5-B058-33BF8EAED6F7}.Release|Any CPU.ActiveCfg = Release|Any CPU
		{755A67DB-3977-46E5-B058-33BF8EAED6F7}.Release|Any CPU.Build.0 = Release|Any CPU
	EndGlobalSection
	GlobalSection(SolutionProperties) = preSolution
		HideSolutionNode = FALSE
	EndGlobalSection
	GlobalSection(NestedProjects) = preSolution
		{06A183B9-15A6-4484-B6A4-EF6A03567DBF} = {02EA681E-C7D8-13C7-8484-4AC65E1B71E8}
		{5E59FB7A-A051-44A4-9896-26334FB55E86} = {06A183B9-15A6-4484-B6A4-EF6A03567DBF}
		{7CAE799F-10EA-4802-B7B2-3E1877D13F7F} = {53DFA823-60D1-4F62-9E72-2DE032676AB1}
		{CD5AE016-AC42-41E5-A950-1B27B1B4D95B} = {02EA681E-C7D8-13C7-8484-4AC65E1B71E8}
		{B4A18DB1-CF3D-43D8-8E75-871D7285A5C6} = {CD5AE016-AC42-41E5-A950-1B27B1B4D95B}
		{F48A6718-38F6-472C-B6FB-98909A977488} = {02EA681E-C7D8-13C7-8484-4AC65E1B71E8}
		{A2D54C7F-9CD1-4759-9024-66DA2CA6286E} = {F48A6718-38F6-472C-B6FB-98909A977488}
		{82DCEB96-5451-42DD-95E6-D9E65469DA37} = {02EA681E-C7D8-13C7-8484-4AC65E1B71E8}
		{EA2C636C-5BDD-40DD-8F37-D62425826DFE} = {82DCEB96-5451-42DD-95E6-D9E65469DA37}
		{870322E1-D4F4-43B9-92C8-66E09DD79A0A} = {82DCEB96-5451-42DD-95E6-D9E65469DA37}
		{82300BD8-5B7C-497F-814F-3FB1F4D4BAB4} = {82DCEB96-5451-42DD-95E6-D9E65469DA37}
		{20AF618A-548E-4455-84E4-D07EF5A0CBE5} = {82DCEB96-5451-42DD-95E6-D9E65469DA37}
		{1ECE8E97-B5B2-4D8C-B355-6DA608B23C04} = {53DFA823-60D1-4F62-9E72-2DE032676AB1}
		{755A67DB-3977-46E5-B058-33BF8EAED6F7} = {C75D1A01-D8E6-4886-B335-39CCBFBE9D7F}
	EndGlobalSection
	GlobalSection(ExtensibilityGlobals) = postSolution
		SolutionGuid = {5BF55137-1060-4A97-BC45-158629FAC9DA}
	EndGlobalSection
EndGlobal
